# This file was autogenerated by Stack.
# You should not edit this file by hand.
# For more information, please see the documentation at:
#   https://docs.haskellstack.org/en/stable/lock_files

packages:
- completed:
    name: invariant
    version: '0.6'
    git: https://github.com/nfrisby/invariant-functors.git
    pantry-tree:
      size: 882
      sha256: 99a1307ead0d625ce36aea9d3ac7b700832d907c83a969ff4e819d351ad8eeaf
    commit: ffe96dfa02cec4d40b54bfc30988656ea86257ed
  original:
    git: https://github.com/nfrisby/invariant-functors.git
    commit: ffe96dfa02cec4d40b54bfc30988656ea86257ed
snapshots:
- completed:
    size: 619093
    url: https://raw.githubusercontent.com/commercialhaskell/stackage-snapshots/master/lts/19/5.yaml
    sha256: b936d27d647a31a8834d3efec126e2a07dee9c9bd6dd401d9bdac77e7b278f1e
  original: lts-19.5
