# This file was autogenerated by Stack.
# You should not edit this file by hand.
# For more information, please see the documentation at:
#   https://docs.haskellstack.org/en/stable/lock_files

packages:
- completed:
    hackage: invariant-0.6@sha256:1193c311e5c087406cda2a30b4f497763c597985e3756a4cdd553e98669bd86c,3466
    pantry-tree:
      size: 650
      sha256: be7b90e2fb3bba0ef4ddeac6086f1b84b0900704b8a59dccea7a928e1de5a863
  original:
    hackage: invariant-0.6
snapshots:
- completed:
    size: 619399
    url: https://raw.githubusercontent.com/commercialhaskell/stackage-snapshots/master/lts/19/22.yaml
    sha256: 5098594e71bdefe0c13e9e6236f12e3414ef91a2b89b029fd30e8fc8087f3a07
  original: lts-19.22
