# This file was autogenerated by Stack.
# You should not edit this file by hand.
# For more information, please see the documentation at:
#   https://docs.haskellstack.org/en/stable/lock_files

packages:
- completed:
    name: invariant
    version: 0.5.6
    git: https://github.com/AshleyYakeley/invariant-functors.git
    pantry-tree:
      size: 882
      sha256: e32de0562bf026ab145950d740d1ce20d490dffe2f6abc7cde5fc101e34f45db
    commit: 1c84bd5fbd320fb62b996710be58a458aec88d0b
  original:
    git: https://github.com/AshleyYakeley/invariant-functors.git
    commit: 1c84bd5fbd320fb62b996710be58a458aec88d0b
snapshots:
- completed:
    size: 619093
    url: https://raw.githubusercontent.com/commercialhaskell/stackage-snapshots/master/lts/19/5.yaml
    sha256: b936d27d647a31a8834d3efec126e2a07dee9c9bd6dd401d9bdac77e7b278f1e
  original: lts-19.5
